
Microsoft Visual Studio Solution File, Format Version 12.00
# Visual Studio Version 17
VisualStudioVersion = 17.4.33213.308
MinimumVisualStudioVersion = 10.0.40219.1
Project("{FAE04EC0-301F-11D3-BF4B-00C04F79EFBC}") = "Library Management System", "Library Management System.csproj", "{C2F17E8A-26D2-4F7A-901C-7C8EB60993DB}"
EndProject
Global
	GlobalSection(SolutionConfigurationPlatforms) = preSolution
		Debug|Any CPU = Debug|Any CPU
		Release|Any CPU = Release|Any CPU
	EndGlobalSection
	GlobalSection(ProjectConfigurationPlatforms) = postSolution
		{C2F17E8A-26D2-4F7A-901C-7C8EB60993DB}.Debug|Any CPU.ActiveCfg = Debug|Any CPU
		{C2F17E8A-26D2-4F7A-901C-7C8EB60993DB}.Debug|Any CPU.Build.0 = Debug|Any CPU
		{C2F17E8A-26D2-4F7A-901C-7C8EB60993DB}.Release|Any CPU.ActiveCfg = Release|Any CPU
		{C2F17E8A-26D2-4F7A-901C-7C8EB60993DB}.Release|Any CPU.Build.0 = Release|Any CPU
	EndGlobalSection
	GlobalSection(SolutionProperties) = preSolution
		HideSolutionNode = FALSE
	EndGlobalSection
	GlobalSection(ExtensibilityGlobals) = postSolution
		SolutionGuid = {0EC3C63F-92FD-4B36-8DB4-BBF48CBFA9DF}
	EndGlobalSection
EndGlobal
